
Microsoft Visual Studio Solution File, Format Version 12.00
# Visual Studio Version 17
VisualStudioVersion = 17.5.33502.453
MinimumVisualStudioVersion = 10.0.40219.1
Project("{8BC9CEB8-8B4A-11D0-8D11-00A0C91BC942}") = "day4", "day4.vcxproj", "{66C89F6A-CC83-4FF5-9F89-C502DEF8D0AD}"
EndProject
Global
	GlobalSection(SolutionConfigurationPlatforms) = preSolution
		Debug|x64 = Debug|x64
		Debug|x86 = Debug|x86
		Release|x64 = Release|x64
		Release|x86 = Release|x86
	EndGlobalSection
	GlobalSection(ProjectConfigurationPlatforms) = postSolution
		{66C89F6A-CC83-4FF5-9F89-C502DEF8D0AD}.Debug|x64.ActiveCfg = Debug|x64
		{66C89F6A-CC83-4FF5-9F89-C502DEF8D0AD}.Debug|x64.Build.0 = Debug|x64
		{66C89F6A-CC83-4FF5-9F89-C502DEF8D0AD}.Debug|x86.ActiveCfg = Debug|Win32
		{66C89F6A-CC83-4FF5-9F89-C502DEF8D0AD}.Debug|x86.Build.0 = Debug|Win32
		{66C89F6A-CC83-4FF5-9F89-C502DEF8D0AD}.Release|x64.ActiveCfg = Release|x64
		{66C89F6A-CC83-4FF5-9F89-C502DEF8D0AD}.Release|x64.Build.0 = Release|x64
		{66C89F6A-CC83-4FF5-9F89-C502DEF8D0AD}.Release|x86.ActiveCfg = Release|Win32
		{66C89F6A-CC83-4FF5-9F89-C502DEF8D0AD}.Release|x86.Build.0 = Release|Win32
	EndGlobalSection
	GlobalSection(SolutionProperties) = preSolution
		HideSolutionNode = FALSE
	EndGlobalSection
	GlobalSection(ExtensibilityGlobals) = postSolution
		SolutionGuid = {CE3D5FB7-9577-4E97-8149-A06C74CB2C15}
	EndGlobalSection
EndGlobal
