
Microsoft Visual Studio Solution File, Format Version 12.00
# Visual Studio Version 17
VisualStudioVersion = 17.5.33502.453
MinimumVisualStudioVersion = 10.0.40219.1
Project("{8BC9CEB8-8B4A-11D0-8D11-00A0C91BC942}") = "dag 3", "dag 3.vcxproj", "{338585CF-8AD5-4E93-B083-FD604A401912}"
EndProject
Global
	GlobalSection(SolutionConfigurationPlatforms) = preSolution
		Debug|x64 = Debug|x64
		Debug|x86 = Debug|x86
		Release|x64 = Release|x64
		Release|x86 = Release|x86
	EndGlobalSection
	GlobalSection(ProjectConfigurationPlatforms) = postSolution
		{338585CF-8AD5-4E93-B083-FD604A401912}.Debug|x64.ActiveCfg = Debug|x64
		{338585CF-8AD5-4E93-B083-FD604A401912}.Debug|x64.Build.0 = Debug|x64
		{338585CF-8AD5-4E93-B083-FD604A401912}.Debug|x86.ActiveCfg = Debug|Win32
		{338585CF-8AD5-4E93-B083-FD604A401912}.Debug|x86.Build.0 = Debug|Win32
		{338585CF-8AD5-4E93-B083-FD604A401912}.Release|x64.ActiveCfg = Release|x64
		{338585CF-8AD5-4E93-B083-FD604A401912}.Release|x64.Build.0 = Release|x64
		{338585CF-8AD5-4E93-B083-FD604A401912}.Release|x86.ActiveCfg = Release|Win32
		{338585CF-8AD5-4E93-B083-FD604A401912}.Release|x86.Build.0 = Release|Win32
	EndGlobalSection
	GlobalSection(SolutionProperties) = preSolution
		HideSolutionNode = FALSE
	EndGlobalSection
	GlobalSection(ExtensibilityGlobals) = postSolution
		SolutionGuid = {9F281A78-3E07-4A12-8B1F-E00E2B3675A5}
	EndGlobalSection
EndGlobal
