
Microsoft Visual Studio Solution File, Format Version 12.00
# Visual Studio Version 17
VisualStudioVersion = 17.5.33502.453
MinimumVisualStudioVersion = 10.0.40219.1
Project("{FAE04EC0-301F-11D3-BF4B-00C04F79EFBC}") = "dag1", "dag1.csproj", "{F5353A18-8472-4976-ADD0-6EDE1D27418A}"
EndProject
Global
	GlobalSection(SolutionConfigurationPlatforms) = preSolution
		Debug|Any CPU = Debug|Any CPU
		Release|Any CPU = Release|Any CPU
	EndGlobalSection
	GlobalSection(ProjectConfigurationPlatforms) = postSolution
		{F5353A18-8472-4976-ADD0-6EDE1D27418A}.Debug|Any CPU.ActiveCfg = Debug|Any CPU
		{F5353A18-8472-4976-ADD0-6EDE1D27418A}.Debug|Any CPU.Build.0 = Debug|Any CPU
		{F5353A18-8472-4976-ADD0-6EDE1D27418A}.Release|Any CPU.ActiveCfg = Release|Any CPU
		{F5353A18-8472-4976-ADD0-6EDE1D27418A}.Release|Any CPU.Build.0 = Release|Any CPU
	EndGlobalSection
	GlobalSection(SolutionProperties) = preSolution
		HideSolutionNode = FALSE
	EndGlobalSection
	GlobalSection(ExtensibilityGlobals) = postSolution
		SolutionGuid = {93AFC419-C4FF-4B0B-8ACE-A164D491B392}
	EndGlobalSection
EndGlobal
